PODS:
  - boost (1.59.0):
    - boost/graph-includes (= 1.59.0)
    - boost/math-includes (= 1.59.0)
    - boost/numeric-includes (= 1.59.0)
    - boost/pointer_cast-includes (= 1.59.0)
    - boost/preprocessor-includes (= 1.59.0)
    - boost/shared_ptr-includes (= 1.59.0)
    - boost/string_algorithms-includes (= 1.59.0)
  - boost/graph-includes (1.59.0)
  - boost/math-includes (1.59.0)
  - boost/numeric-includes (1.59.0)
  - boost/pointer_cast-includes (1.59.0)
  - boost/preprocessor-includes (1.59.0)
  - boost/shared_ptr-includes (1.59.0)
  - boost/string_algorithms-includes (1.59.0)
  - CocoaSecurity (1.2.4)
  - MobileVLCKit (2.2.1)
  - private-boost (1.58.0)
  - private-libtorrent (1.0.6)
  - private-openssl (1.0.204)
  - Reachability (3.2)
  - SDWebImage (3.7.4):
    - SDWebImage/Core (= 3.7.4)
  - SDWebImage/Core (3.7.4)

DEPENDENCIES:
  - boost
  - CocoaSecurity
  - MobileVLCKit
  - private-boost
  - private-libtorrent
  - private-openssl
  - Reachability
  - SDWebImage

SPEC CHECKSUMS:
  boost: 30a15ffb6d9aa4646dd3caffc960753f4cb4ca4e
  CocoaSecurity: d288a6f87e0f363823d2cb83e753814a6944f71a
  MobileVLCKit: bb3359b2221316554129beb0c45827803a2de9be
  private-boost: 390bdadecb82f24bcec47068f4b041acc757d575
  private-libtorrent: 9f0d4c5e1b3842e3baf5493b66cadb684bb07afd
  private-openssl: b469f3f9eca633bcc9e888c1f1d4fc27b7ea7c17
  Reachability: 33e18b67625424e47b6cde6d202dce689ad7af96
  SDWebImage: 247edd7dd80dd6124197b0d6a17846fe9d1df968

COCOAPODS: 0.39.0
